
Microsoft Visual Studio Solution File, Format Version 12.00
# Visual Studio Version 17
VisualStudioVersion = 17.11.35222.181
MinimumVisualStudioVersion = 10.0.40219.1
Project("{9A19103F-16F7-4668-BE54-9A1E7A4F7556}") = "App.Repositories", "Repositories\App.Repositories.csproj", "{D5512902-CE60-4986-BED5-2E9AB01BE18F}"
EndProject
Project("{9A19103F-16F7-4668-BE54-9A1E7A4F7556}") = "App.Services", "Services\App.Services.csproj", "{1CA335F8-1719-40B9-AB4A-6A88A9E0E29B}"
EndProject
Project("{9A19103F-16F7-4668-BE54-9A1E7A4F7556}") = "App.API", "App.API\App.API.csproj", "{E1B7CFC7-B810-4937-A32D-B8DBF452D2F1}"
EndProject
Project("{2150E333-8FDC-42A3-9474-1A3956D46DE8}") = "NLayer", "NLayer", "{81FADED0-7F4F-4D9A-8AD6-CE25B096DB26}"
EndProject
Project("{2150E333-8FDC-42A3-9474-1A3956D46DE8}") = "CleanArchitecture", "CleanArchitecture", "{269DE5A2-8172-45F7-8144-957BC2E796CE}"
EndProject
Project("{2150E333-8FDC-42A3-9474-1A3956D46DE8}") = "Src", "Src", "{C0BD60AD-4B7D-4130-BC05-93FAF48494B9}"
EndProject
Project("{2150E333-8FDC-42A3-9474-1A3956D46DE8}") = "Test", "Test", "{C6AA9DB8-2257-4629-A8E9-7395E66D76D8}"
EndProject
Project("{2150E333-8FDC-42A3-9474-1A3956D46DE8}") = "Core", "Core", "{738F8617-095A-4F92-A323-24DA4EE6CFF9}"
EndProject
Project("{9A19103F-16F7-4668-BE54-9A1E7A4F7556}") = "CleanApp.Domain", "CleanApp.Domain\CleanApp.Domain.csproj", "{BA6B88B0-EE6A-4955-BCA2-7AC2DD7212BC}"
EndProject
Project("{9A19103F-16F7-4668-BE54-9A1E7A4F7556}") = "CleanApp.Application", "CleanApp.Application\CleanApp.Application.csproj", "{E40C91E6-7797-41A7-A082-460E4DF01A96}"
EndProject
Project("{2150E333-8FDC-42A3-9474-1A3956D46DE8}") = "Infrastructure", "Infrastructure", "{9B64AB1C-CF12-4030-AEDD-31D80B9EEBC5}"
EndProject
Project("{9A19103F-16F7-4668-BE54-9A1E7A4F7556}") = "CleanApp.Persistence", "CleanApp.Persistance\CleanApp.Persistence.csproj", "{017318C7-EB62-4E43-B72F-68D057450478}"
EndProject
Project("{2150E333-8FDC-42A3-9474-1A3956D46DE8}") = "API", "API", "{12FA7A58-0618-4CD5-8D19-41E890CBDA99}"
EndProject
Project("{9A19103F-16F7-4668-BE54-9A1E7A4F7556}") = "CleanApp.API", "CleanApp.API\CleanApp.API.csproj", "{8754D1E4-72BC-41AB-A8D4-031396688A25}"
EndProject
Project("{9A19103F-16F7-4668-BE54-9A1E7A4F7556}") = "CleanApp.Caching", "CleanApp.Caching\CleanApp.Caching.csproj", "{C9283101-03C6-4169-974E-4AE7F7D0BFFB}"
EndProject
Project("{FAE04EC0-301F-11D3-BF4B-00C04F79EFBC}") = "CleanApp.Bus", "CleanApp.Bus\CleanApp.Bus.csproj", "{D92DFD75-51E0-49DC-A0E1-04AE43AD1238}"
EndProject
Global
	GlobalSection(SolutionConfigurationPlatforms) = preSolution
		Debug|Any CPU = Debug|Any CPU
		Release|Any CPU = Release|Any CPU
	EndGlobalSection
	GlobalSection(ProjectConfigurationPlatforms) = postSolution
		{D5512902-CE60-4986-BED5-2E9AB01BE18F}.Debug|Any CPU.ActiveCfg = Debug|Any CPU
		{D5512902-CE60-4986-BED5-2E9AB01BE18F}.Debug|Any CPU.Build.0 = Debug|Any CPU
		{D5512902-CE60-4986-BED5-2E9AB01BE18F}.Release|Any CPU.ActiveCfg = Release|Any CPU
		{D5512902-CE60-4986-BED5-2E9AB01BE18F}.Release|Any CPU.Build.0 = Release|Any CPU
		{1CA335F8-1719-40B9-AB4A-6A88A9E0E29B}.Debug|Any CPU.ActiveCfg = Debug|Any CPU
		{1CA335F8-1719-40B9-AB4A-6A88A9E0E29B}.Debug|Any CPU.Build.0 = Debug|Any CPU
		{1CA335F8-1719-40B9-AB4A-6A88A9E0E29B}.Release|Any CPU.ActiveCfg = Release|Any CPU
		{1CA335F8-1719-40B9-AB4A-6A88A9E0E29B}.Release|Any CPU.Build.0 = Release|Any CPU
		{E1B7CFC7-B810-4937-A32D-B8DBF452D2F1}.Debug|Any CPU.ActiveCfg = Debug|Any CPU
		{E1B7CFC7-B810-4937-A32D-B8DBF452D2F1}.Debug|Any CPU.Build.0 = Debug|Any CPU
		{E1B7CFC7-B810-4937-A32D-B8DBF452D2F1}.Release|Any CPU.ActiveCfg = Release|Any CPU
		{E1B7CFC7-B810-4937-A32D-B8DBF452D2F1}.Release|Any CPU.Build.0 = Release|Any CPU
		{BA6B88B0-EE6A-4955-BCA2-7AC2DD7212BC}.Debug|Any CPU.ActiveCfg = Debug|Any CPU
		{BA6B88B0-EE6A-4955-BCA2-7AC2DD7212BC}.Debug|Any CPU.Build.0 = Debug|Any CPU
		{BA6B88B0-EE6A-4955-BCA2-7AC2DD7212BC}.Release|Any CPU.ActiveCfg = Release|Any CPU
		{BA6B88B0-EE6A-4955-BCA2-7AC2DD7212BC}.Release|Any CPU.Build.0 = Release|Any CPU
		{E40C91E6-7797-41A7-A082-460E4DF01A96}.Debug|Any CPU.ActiveCfg = Debug|Any CPU
		{E40C91E6-7797-41A7-A082-460E4DF01A96}.Debug|Any CPU.Build.0 = Debug|Any CPU
		{E40C91E6-7797-41A7-A082-460E4DF01A96}.Release|Any CPU.ActiveCfg = Release|Any CPU
		{E40C91E6-7797-41A7-A082-460E4DF01A96}.Release|Any CPU.Build.0 = Release|Any CPU
		{017318C7-EB62-4E43-B72F-68D057450478}.Debug|Any CPU.ActiveCfg = Debug|Any CPU
		{017318C7-EB62-4E43-B72F-68D057450478}.Debug|Any CPU.Build.0 = Debug|Any CPU
		{017318C7-EB62-4E43-B72F-68D057450478}.Release|Any CPU.ActiveCfg = Release|Any CPU
		{017318C7-EB62-4E43-B72F-68D057450478}.Release|Any CPU.Build.0 = Release|Any CPU
		{8754D1E4-72BC-41AB-A8D4-031396688A25}.Debug|Any CPU.ActiveCfg = Debug|Any CPU
		{8754D1E4-72BC-41AB-A8D4-031396688A25}.Debug|Any CPU.Build.0 = Debug|Any CPU
		{8754D1E4-72BC-41AB-A8D4-031396688A25}.Release|Any CPU.ActiveCfg = Release|Any CPU
		{8754D1E4-72BC-41AB-A8D4-031396688A25}.Release|Any CPU.Build.0 = Release|Any CPU
		{C9283101-03C6-4169-974E-4AE7F7D0BFFB}.Debug|Any CPU.ActiveCfg = Debug|Any CPU
		{C9283101-03C6-4169-974E-4AE7F7D0BFFB}.Debug|Any CPU.Build.0 = Debug|Any CPU
		{C9283101-03C6-4169-974E-4AE7F7D0BFFB}.Release|Any CPU.ActiveCfg = Release|Any CPU
		{C9283101-03C6-4169-974E-4AE7F7D0BFFB}.Release|Any CPU.Build.0 = Release|Any CPU
		{D92DFD75-51E0-49DC-A0E1-04AE43AD1238}.Debug|Any CPU.ActiveCfg = Debug|Any CPU
		{D92DFD75-51E0-49DC-A0E1-04AE43AD1238}.Debug|Any CPU.Build.0 = Debug|Any CPU
		{D92DFD75-51E0-49DC-A0E1-04AE43AD1238}.Release|Any CPU.ActiveCfg = Release|Any CPU
		{D92DFD75-51E0-49DC-A0E1-04AE43AD1238}.Release|Any CPU.Build.0 = Release|Any CPU
	EndGlobalSection
	GlobalSection(SolutionProperties) = preSolution
		HideSolutionNode = FALSE
	EndGlobalSection
	GlobalSection(NestedProjects) = preSolution
		{D5512902-CE60-4986-BED5-2E9AB01BE18F} = {81FADED0-7F4F-4D9A-8AD6-CE25B096DB26}
		{1CA335F8-1719-40B9-AB4A-6A88A9E0E29B} = {81FADED0-7F4F-4D9A-8AD6-CE25B096DB26}
		{E1B7CFC7-B810-4937-A32D-B8DBF452D2F1} = {81FADED0-7F4F-4D9A-8AD6-CE25B096DB26}
		{C0BD60AD-4B7D-4130-BC05-93FAF48494B9} = {269DE5A2-8172-45F7-8144-957BC2E796CE}
		{C6AA9DB8-2257-4629-A8E9-7395E66D76D8} = {269DE5A2-8172-45F7-8144-957BC2E796CE}
		{738F8617-095A-4F92-A323-24DA4EE6CFF9} = {C0BD60AD-4B7D-4130-BC05-93FAF48494B9}
		{BA6B88B0-EE6A-4955-BCA2-7AC2DD7212BC} = {738F8617-095A-4F92-A323-24DA4EE6CFF9}
		{E40C91E6-7797-41A7-A082-460E4DF01A96} = {738F8617-095A-4F92-A323-24DA4EE6CFF9}
		{9B64AB1C-CF12-4030-AEDD-31D80B9EEBC5} = {C0BD60AD-4B7D-4130-BC05-93FAF48494B9}
		{017318C7-EB62-4E43-B72F-68D057450478} = {9B64AB1C-CF12-4030-AEDD-31D80B9EEBC5}
		{12FA7A58-0618-4CD5-8D19-41E890CBDA99} = {C0BD60AD-4B7D-4130-BC05-93FAF48494B9}
		{8754D1E4-72BC-41AB-A8D4-031396688A25} = {12FA7A58-0618-4CD5-8D19-41E890CBDA99}
		{C9283101-03C6-4169-974E-4AE7F7D0BFFB} = {9B64AB1C-CF12-4030-AEDD-31D80B9EEBC5}
		{D92DFD75-51E0-49DC-A0E1-04AE43AD1238} = {9B64AB1C-CF12-4030-AEDD-31D80B9EEBC5}
	EndGlobalSection
	GlobalSection(ExtensibilityGlobals) = postSolution
		SolutionGuid = {B0E2243C-5091-436F-9076-CBDD292DB347}
	EndGlobalSection
EndGlobal
