
Microsoft Visual Studio Solution File, Format Version 12.00
# Visual Studio Version 17
VisualStudioVersion = 17.11.35222.181
MinimumVisualStudioVersion = 10.0.40219.1
Project("{9A19103F-16F7-4668-BE54-9A1E7A4F7556}") = "App.Repositories", "Repositories\App.Repositories.csproj", "{D5512902-CE60-4986-BED5-2E9AB01BE18F}"
EndProject
Project("{9A19103F-16F7-4668-BE54-9A1E7A4F7556}") = "App.Services", "Services\App.Services.csproj", "{1CA335F8-1719-40B9-AB4A-6A88A9E0E29B}"
EndProject
Project("{FAE04EC0-301F-11D3-BF4B-00C04F79EFBC}") = "App.API", "App.API\App.API.csproj", "{E1B7CFC7-B810-4937-A32D-B8DBF452D2F1}"
EndProject
Global
	GlobalSection(SolutionConfigurationPlatforms) = preSolution
		Debug|Any CPU = Debug|Any CPU
		Release|Any CPU = Release|Any CPU
	EndGlobalSection
	GlobalSection(ProjectConfigurationPlatforms) = postSolution
		{D5512902-CE60-4986-BED5-2E9AB01BE18F}.Debug|Any CPU.ActiveCfg = Debug|Any CPU
		{D5512902-CE60-4986-BED5-2E9AB01BE18F}.Debug|Any CPU.Build.0 = Debug|Any CPU
		{D5512902-CE60-4986-BED5-2E9AB01BE18F}.Release|Any CPU.ActiveCfg = Release|Any CPU
		{D5512902-CE60-4986-BED5-2E9AB01BE18F}.Release|Any CPU.Build.0 = Release|Any CPU
		{1CA335F8-1719-40B9-AB4A-6A88A9E0E29B}.Debug|Any CPU.ActiveCfg = Debug|Any CPU
		{1CA335F8-1719-40B9-AB4A-6A88A9E0E29B}.Debug|Any CPU.Build.0 = Debug|Any CPU
		{1CA335F8-1719-40B9-AB4A-6A88A9E0E29B}.Release|Any CPU.ActiveCfg = Release|Any CPU
		{1CA335F8-1719-40B9-AB4A-6A88A9E0E29B}.Release|Any CPU.Build.0 = Release|Any CPU
		{E1B7CFC7-B810-4937-A32D-B8DBF452D2F1}.Debug|Any CPU.ActiveCfg = Debug|Any CPU
		{E1B7CFC7-B810-4937-A32D-B8DBF452D2F1}.Debug|Any CPU.Build.0 = Debug|Any CPU
		{E1B7CFC7-B810-4937-A32D-B8DBF452D2F1}.Release|Any CPU.ActiveCfg = Release|Any CPU
		{E1B7CFC7-B810-4937-A32D-B8DBF452D2F1}.Release|Any CPU.Build.0 = Release|Any CPU
	EndGlobalSection
	GlobalSection(SolutionProperties) = preSolution
		HideSolutionNode = FALSE
	EndGlobalSection
	GlobalSection(ExtensibilityGlobals) = postSolution
		SolutionGuid = {B0E2243C-5091-436F-9076-CBDD292DB347}
	EndGlobalSection
EndGlobal
